
Microsoft Visual Studio Solution File, Format Version 12.00
# Visual Studio Version 17
VisualStudioVersion = 17.0.31903.59
MinimumVisualStudioVersion = 10.0.40219.1
Project("{FAE04EC0-301F-11D3-BF4B-00C04F79EFBC}") = "DevFreela.API", "DevFreela.API\DevFreela.API.csproj", "{DE3E35A4-FF58-43B9-B5B4-8EB0D3D26E10}"
EndProject
Project("{FAE04EC0-301F-11D3-BF4B-00C04F79EFBC}") = "DevFreela.Core", "DevFreela.Core\DevFreela.Core.csproj", "{8C0B2C0D-06DE-4FF9-ABF0-60B1621BD006}"
EndProject
Project("{FAE04EC0-301F-11D3-BF4B-00C04F79EFBC}") = "DevFreela.Infrastructure", "DevFreela.Infrastructure\DevFreela.Infrastructure.csproj", "{40B28953-27C0-41DE-AA21-3AE8A058778B}"
EndProject
Global
	GlobalSection(SolutionConfigurationPlatforms) = preSolution
		Debug|Any CPU = Debug|Any CPU
		Release|Any CPU = Release|Any CPU
	EndGlobalSection
	GlobalSection(SolutionProperties) = preSolution
		HideSolutionNode = FALSE
	EndGlobalSection
	GlobalSection(ProjectConfigurationPlatforms) = postSolution
		{DE3E35A4-FF58-43B9-B5B4-8EB0D3D26E10}.Debug|Any CPU.ActiveCfg = Debug|Any CPU
		{DE3E35A4-FF58-43B9-B5B4-8EB0D3D26E10}.Debug|Any CPU.Build.0 = Debug|Any CPU
		{DE3E35A4-FF58-43B9-B5B4-8EB0D3D26E10}.Release|Any CPU.ActiveCfg = Release|Any CPU
		{DE3E35A4-FF58-43B9-B5B4-8EB0D3D26E10}.Release|Any CPU.Build.0 = Release|Any CPU
		{8C0B2C0D-06DE-4FF9-ABF0-60B1621BD006}.Debug|Any CPU.ActiveCfg = Debug|Any CPU
		{8C0B2C0D-06DE-4FF9-ABF0-60B1621BD006}.Debug|Any CPU.Build.0 = Debug|Any CPU
		{8C0B2C0D-06DE-4FF9-ABF0-60B1621BD006}.Release|Any CPU.ActiveCfg = Release|Any CPU
		{8C0B2C0D-06DE-4FF9-ABF0-60B1621BD006}.Release|Any CPU.Build.0 = Release|Any CPU
		{40B28953-27C0-41DE-AA21-3AE8A058778B}.Debug|Any CPU.ActiveCfg = Debug|Any CPU
		{40B28953-27C0-41DE-AA21-3AE8A058778B}.Debug|Any CPU.Build.0 = Debug|Any CPU
		{40B28953-27C0-41DE-AA21-3AE8A058778B}.Release|Any CPU.ActiveCfg = Release|Any CPU
		{40B28953-27C0-41DE-AA21-3AE8A058778B}.Release|Any CPU.Build.0 = Release|Any CPU
	EndGlobalSection
EndGlobal
